PODS:
  - Flutter (1.0.0)
  - permission_handler_apple (9.3.0):
    - Flutter
  - sensors_plus (0.0.1):
    - Flutter
  - ZebraRfidSdkFramework (1.1.94)

DEPENDENCIES:
  - Flutter (from `Flutter`)
  - permission_handler_apple (from `.symlinks/plugins/permission_handler_apple/ios`)
  - sensors_plus (from `.symlinks/plugins/sensors_plus/ios`)
  - ZebraRfidSdkFramework (from `Frameworks`)

EXTERNAL SOURCES:
  Flutter:
    :path: Flutter
  permission_handler_apple:
    :path: ".symlinks/plugins/permission_handler_apple/ios"
  sensors_plus:
    :path: ".symlinks/plugins/sensors_plus/ios"
  ZebraRfidSdkFramework:
    :path: Frameworks

SPEC CHECKSUMS:
  Flutter: e0871f40cf51350855a761d2e70bf5af5b9b5de7
  permission_handler_apple: 4ed2196e43d0651e8ff7ca3483a069d469701f2d
  sensors_plus: 6a11ed0c2e1d0bd0b20b4029d3bad27d96e0c65b
  ZebraRfidSdkFramework: 49877ff2ec19baf668f2613f7baba84aadf384a1

PODFILE CHECKSUM: 2eb5e2ee1e5a0f4696d5e8203e27db2491da22fc

COCOAPODS: 1.17.0
